
Microsoft Visual Studio Solution File, Format Version 12.00
# Visual Studio Version 17
VisualStudioVersion = 17.0.31903.59
MinimumVisualStudioVersion = 10.0.40219.1
Project("{2150E333-8FDC-42A3-9474-1A3956D46DE8}") = "src", "src", "{827E0CD3-B72D-47B6-A68D-7590B98EB39B}"
EndProject
Project("{FAE04EC0-301F-11D3-BF4B-00C04F79EFBC}") = "ZapVagas.Domain", "src\ZapVagas.Domain\ZapVagas.Domain.csproj", "{A44B5F95-3E99-41EA-8C66-4F5335DD45D5}"
EndProject
Project("{FAE04EC0-301F-11D3-BF4B-00C04F79EFBC}") = "ZapVagas.Application", "src\ZapVagas.Application\ZapVagas.Application.csproj", "{FF23DAEA-4EF0-4A90-AC0C-2261AD2D2B69}"
EndProject
Project("{FAE04EC0-301F-11D3-BF4B-00C04F79EFBC}") = "ZapVagas.Infrastructure", "src\ZapVagas.Infrastructure\ZapVagas.Infrastructure.csproj", "{4AC1A240-98EF-482E-81D2-6F27E5378FB8}"
EndProject
Project("{FAE04EC0-301F-11D3-BF4B-00C04F79EFBC}") = "ZapVagas.API", "src\ZapVagas.API\ZapVagas.API.csproj", "{184C2E63-C73D-474B-ACB4-D9F2F89588BA}"
EndProject
Project("{2150E333-8FDC-42A3-9474-1A3956D46DE8}") = "tests", "tests", "{0AB3BF05-4346-4AA6-1389-037BE0695223}"
EndProject
Project("{FAE04EC0-301F-11D3-BF4B-00C04F79EFBC}") = "ZapVagas.UnitTests", "tests\ZapVagas.UnitTests\ZapVagas.UnitTests.csproj", "{77ED94D4-BB4E-464E-864C-C0070ACBC9F5}"
EndProject
Project("{FAE04EC0-301F-11D3-BF4B-00C04F79EFBC}") = "ZapVagas.IntegrationTests", "tests\ZapVagas.IntegrationTests\ZapVagas.IntegrationTests.csproj", "{7B7F9E53-2667-4BA4-8468-E7854FBA6F07}"
EndProject
Global
	GlobalSection(SolutionConfigurationPlatforms) = preSolution
		Debug|Any CPU = Debug|Any CPU
		Debug|x64 = Debug|x64
		Debug|x86 = Debug|x86
		Release|Any CPU = Release|Any CPU
		Release|x64 = Release|x64
		Release|x86 = Release|x86
	EndGlobalSection
	GlobalSection(ProjectConfigurationPlatforms) = postSolution
		{A44B5F95-3E99-41EA-8C66-4F5335DD45D5}.Debug|Any CPU.ActiveCfg = Debug|Any CPU
		{A44B5F95-3E99-41EA-8C66-4F5335DD45D5}.Debug|Any CPU.Build.0 = Debug|Any CPU
		{A44B5F95-3E99-41EA-8C66-4F5335DD45D5}.Debug|x64.ActiveCfg = Debug|Any CPU
		{A44B5F95-3E99-41EA-8C66-4F5335DD45D5}.Debug|x64.Build.0 = Debug|Any CPU
		{A44B5F95-3E99-41EA-8C66-4F5335DD45D5}.Debug|x86.ActiveCfg = Debug|Any CPU
		{A44B5F95-3E99-41EA-8C66-4F5335DD45D5}.Debug|x86.Build.0 = Debug|Any CPU
		{A44B5F95-3E99-41EA-8C66-4F5335DD45D5}.Release|Any CPU.ActiveCfg = Release|Any CPU
		{A44B5F95-3E99-41EA-8C66-4F5335DD45D5}.Release|Any CPU.Build.0 = Release|Any CPU
		{A44B5F95-3E99-41EA-8C66-4F5335DD45D5}.Release|x64.ActiveCfg = Release|Any CPU
		{A44B5F95-3E99-41EA-8C66-4F5335DD45D5}.Release|x64.Build.0 = Release|Any CPU
		{A44B5F95-3E99-41EA-8C66-4F5335DD45D5}.Release|x86.ActiveCfg = Release|Any CPU
		{A44B5F95-3E99-41EA-8C66-4F5335DD45D5}.Release|x86.Build.0 = Release|Any CPU
		{FF23DAEA-4EF0-4A90-AC0C-2261AD2D2B69}.Debug|Any CPU.ActiveCfg = Debug|Any CPU
		{FF23DAEA-4EF0-4A90-AC0C-2261AD2D2B69}.Debug|Any CPU.Build.0 = Debug|Any CPU
		{FF23DAEA-4EF0-4A90-AC0C-2261AD2D2B69}.Debug|x64.ActiveCfg = Debug|Any CPU
		{FF23DAEA-4EF0-4A90-AC0C-2261AD2D2B69}.Debug|x64.Build.0 = Debug|Any CPU
		{FF23DAEA-4EF0-4A90-AC0C-2261AD2D2B69}.Debug|x86.ActiveCfg = Debug|Any CPU
		{FF23DAEA-4EF0-4A90-AC0C-2261AD2D2B69}.Debug|x86.Build.0 = Debug|Any CPU
		{FF23DAEA-4EF0-4A90-AC0C-2261AD2D2B69}.Release|Any CPU.ActiveCfg = Release|Any CPU
		{FF23DAEA-4EF0-4A90-AC0C-2261AD2D2B69}.Release|Any CPU.Build.0 = Release|Any CPU
		{FF23DAEA-4EF0-4A90-AC0C-2261AD2D2B69}.Release|x64.ActiveCfg = Release|Any CPU
		{FF23DAEA-4EF0-4A90-AC0C-2261AD2D2B69}.Release|x64.Build.0 = Release|Any CPU
		{FF23DAEA-4EF0-4A90-AC0C-2261AD2D2B69}.Release|x86.ActiveCfg = Release|Any CPU
		{FF23DAEA-4EF0-4A90-AC0C-2261AD2D2B69}.Release|x86.Build.0 = Release|Any CPU
		{4AC1A240-98EF-482E-81D2-6F27E5378FB8}.Debug|Any CPU.ActiveCfg = Debug|Any CPU
		{4AC1A240-98EF-482E-81D2-6F27E5378FB8}.Debug|Any CPU.Build.0 = Debug|Any CPU
		{4AC1A240-98EF-482E-81D2-6F27E5378FB8}.Debug|x64.ActiveCfg = Debug|Any CPU
		{4AC1A240-98EF-482E-81D2-6F27E5378FB8}.Debug|x64.Build.0 = Debug|Any CPU
		{4AC1A240-98EF-482E-81D2-6F27E5378FB8}.Debug|x86.ActiveCfg = Debug|Any CPU
		{4AC1A240-98EF-482E-81D2-6F27E5378FB8}.Debug|x86.Build.0 = Debug|Any CPU
		{4AC1A240-98EF-482E-81D2-6F27E5378FB8}.Release|Any CPU.ActiveCfg = Release|Any CPU
		{4AC1A240-98EF-482E-81D2-6F27E5378FB8}.Release|Any CPU.Build.0 = Release|Any CPU
		{4AC1A240-98EF-482E-81D2-6F27E5378FB8}.Release|x64.ActiveCfg = Release|Any CPU
		{4AC1A240-98EF-482E-81D2-6F27E5378FB8}.Release|x64.Build.0 = Release|Any CPU
		{4AC1A240-98EF-482E-81D2-6F27E5378FB8}.Release|x86.ActiveCfg = Release|Any CPU
		{4AC1A240-98EF-482E-81D2-6F27E5378FB8}.Release|x86.Build.0 = Release|Any CPU
		{184C2E63-C73D-474B-ACB4-D9F2F89588BA}.Debug|Any CPU.ActiveCfg = Debug|Any CPU
		{184C2E63-C73D-474B-ACB4-D9F2F89588BA}.Debug|Any CPU.Build.0 = Debug|Any CPU
		{184C2E63-C73D-474B-ACB4-D9F2F89588BA}.Debug|x64.ActiveCfg = Debug|Any CPU
		{184C2E63-C73D-474B-ACB4-D9F2F89588BA}.Debug|x64.Build.0 = Debug|Any CPU
		{184C2E63-C73D-474B-ACB4-D9F2F89588BA}.Debug|x86.ActiveCfg = Debug|Any CPU
		{184C2E63-C73D-474B-ACB4-D9F2F89588BA}.Debug|x86.Build.0 = Debug|Any CPU
		{184C2E63-C73D-474B-ACB4-D9F2F89588BA}.Release|Any CPU.ActiveCfg = Release|Any CPU
		{184C2E63-C73D-474B-ACB4-D9F2F89588BA}.Release|Any CPU.Build.0 = Release|Any CPU
		{184C2E63-C73D-474B-ACB4-D9F2F89588BA}.Release|x64.ActiveCfg = Release|Any CPU
		{184C2E63-C73D-474B-ACB4-D9F2F89588BA}.Release|x64.Build.0 = Release|Any CPU
		{184C2E63-C73D-474B-ACB4-D9F2F89588BA}.Release|x86.ActiveCfg = Release|Any CPU
		{184C2E63-C73D-474B-ACB4-D9F2F89588BA}.Release|x86.Build.0 = Release|Any CPU
		{77ED94D4-BB4E-464E-864C-C0070ACBC9F5}.Debug|Any CPU.ActiveCfg = Debug|Any CPU
		{77ED94D4-BB4E-464E-864C-C0070ACBC9F5}.Debug|Any CPU.Build.0 = Debug|Any CPU
		{77ED94D4-BB4E-464E-864C-C0070ACBC9F5}.Debug|x64.ActiveCfg = Debug|Any CPU
		{77ED94D4-BB4E-464E-864C-C0070ACBC9F5}.Debug|x64.Build.0 = Debug|Any CPU
		{77ED94D4-BB4E-464E-864C-C0070ACBC9F5}.Debug|x86.ActiveCfg = Debug|Any CPU
		{77ED94D4-BB4E-464E-864C-C0070ACBC9F5}.Debug|x86.Build.0 = Debug|Any CPU
		{77ED94D4-BB4E-464E-864C-C0070ACBC9F5}.Release|Any CPU.ActiveCfg = Release|Any CPU
		{77ED94D4-BB4E-464E-864C-C0070ACBC9F5}.Release|Any CPU.Build.0 = Release|Any CPU
		{77ED94D4-BB4E-464E-864C-C0070ACBC9F5}.Release|x64.ActiveCfg = Release|Any CPU
		{77ED94D4-BB4E-464E-864C-C0070ACBC9F5}.Release|x64.Build.0 = Release|Any CPU
		{77ED94D4-BB4E-464E-864C-C0070ACBC9F5}.Release|x86.ActiveCfg = Release|Any CPU
		{77ED94D4-BB4E-464E-864C-C0070ACBC9F5}.Release|x86.Build.0 = Release|Any CPU
		{7B7F9E53-2667-4BA4-8468-E7854FBA6F07}.Debug|Any CPU.ActiveCfg = Debug|Any CPU
		{7B7F9E53-2667-4BA4-8468-E7854FBA6F07}.Debug|Any CPU.Build.0 = Debug|Any CPU
		{7B7F9E53-2667-4BA4-8468-E7854FBA6F07}.Debug|x64.ActiveCfg = Debug|Any CPU
		{7B7F9E53-2667-4BA4-8468-E7854FBA6F07}.Debug|x64.Build.0 = Debug|Any CPU
		{7B7F9E53-2667-4BA4-8468-E7854FBA6F07}.Debug|x86.ActiveCfg = Debug|Any CPU
		{7B7F9E53-2667-4BA4-8468-E7854FBA6F07}.Debug|x86.Build.0 = Debug|Any CPU
		{7B7F9E53-2667-4BA4-8468-E7854FBA6F07}.Release|Any CPU.ActiveCfg = Release|Any CPU
		{7B7F9E53-2667-4BA4-8468-E7854FBA6F07}.Release|Any CPU.Build.0 = Release|Any CPU
		{7B7F9E53-2667-4BA4-8468-E7854FBA6F07}.Release|x64.ActiveCfg = Release|Any CPU
		{7B7F9E53-2667-4BA4-8468-E7854FBA6F07}.Release|x64.Build.0 = Release|Any CPU
		{7B7F9E53-2667-4BA4-8468-E7854FBA6F07}.Release|x86.ActiveCfg = Release|Any CPU
		{7B7F9E53-2667-4BA4-8468-E7854FBA6F07}.Release|x86.Build.0 = Release|Any CPU
	EndGlobalSection
	GlobalSection(SolutionProperties) = preSolution
		HideSolutionNode = FALSE
	EndGlobalSection
	GlobalSection(NestedProjects) = preSolution
		{A44B5F95-3E99-41EA-8C66-4F5335DD45D5} = {827E0CD3-B72D-47B6-A68D-7590B98EB39B}
		{FF23DAEA-4EF0-4A90-AC0C-2261AD2D2B69} = {827E0CD3-B72D-47B6-A68D-7590B98EB39B}
		{4AC1A240-98EF-482E-81D2-6F27E5378FB8} = {827E0CD3-B72D-47B6-A68D-7590B98EB39B}
		{184C2E63-C73D-474B-ACB4-D9F2F89588BA} = {827E0CD3-B72D-47B6-A68D-7590B98EB39B}
		{77ED94D4-BB4E-464E-864C-C0070ACBC9F5} = {0AB3BF05-4346-4AA6-1389-037BE0695223}
		{7B7F9E53-2667-4BA4-8468-E7854FBA6F07} = {0AB3BF05-4346-4AA6-1389-037BE0695223}
	EndGlobalSection
EndGlobal
